
Microsoft Visual Studio Solution File, Format Version 12.00
# Visual Studio Version 16
VisualStudioVersion = 16.0.30114.105
MinimumVisualStudioVersion = 10.0.40219.1
Project("{FAE04EC0-301F-11D3-BF4B-00C04F79EFBC}") = "GoodBooks.Web", "GoodBooks.Web\GoodBooks.Web.csproj", "{78EB2B18-7660-4150-9927-41F901EF9471}"
EndProject
Project("{FAE04EC0-301F-11D3-BF4B-00C04F79EFBC}") = "GoodBooks.Data", "GoodBooks.Data\GoodBooks.Data.csproj", "{33E9F012-FD35-46BF-8458-A01538F7464D}"
EndProject
Project("{FAE04EC0-301F-11D3-BF4B-00C04F79EFBC}") = "GoodBooks.Services", "GoodBooks.Services\GoodBooks.Services.csproj", "{8BBBE137-18DA-4EA7-A1C5-C0D235CA03E4}"
EndProject
Project("{FAE04EC0-301F-11D3-BF4B-00C04F79EFBC}") = "GoodBooks.Test", "GoodBooks.Test\GoodBooks.Test.csproj", "{AF63A6DE-DCBF-4CDD-9A0B-F84CFE959DEE}"
EndProject
Global
	GlobalSection(SolutionConfigurationPlatforms) = preSolution
		Debug|Any CPU = Debug|Any CPU
		Debug|x64 = Debug|x64
		Debug|x86 = Debug|x86
		Release|Any CPU = Release|Any CPU
		Release|x64 = Release|x64
		Release|x86 = Release|x86
	EndGlobalSection
	GlobalSection(SolutionProperties) = preSolution
		HideSolutionNode = FALSE
	EndGlobalSection
	GlobalSection(ProjectConfigurationPlatforms) = postSolution
		{78EB2B18-7660-4150-9927-41F901EF9471}.Debug|Any CPU.ActiveCfg = Debug|Any CPU
		{78EB2B18-7660-4150-9927-41F901EF9471}.Debug|Any CPU.Build.0 = Debug|Any CPU
		{78EB2B18-7660-4150-9927-41F901EF9471}.Debug|x64.ActiveCfg = Debug|Any CPU
		{78EB2B18-7660-4150-9927-41F901EF9471}.Debug|x64.Build.0 = Debug|Any CPU
		{78EB2B18-7660-4150-9927-41F901EF9471}.Debug|x86.ActiveCfg = Debug|Any CPU
		{78EB2B18-7660-4150-9927-41F901EF9471}.Debug|x86.Build.0 = Debug|Any CPU
		{78EB2B18-7660-4150-9927-41F901EF9471}.Release|Any CPU.ActiveCfg = Release|Any CPU
		{78EB2B18-7660-4150-9927-41F901EF9471}.Release|Any CPU.Build.0 = Release|Any CPU
		{78EB2B18-7660-4150-9927-41F901EF9471}.Release|x64.ActiveCfg = Release|Any CPU
		{78EB2B18-7660-4150-9927-41F901EF9471}.Release|x64.Build.0 = Release|Any CPU
		{78EB2B18-7660-4150-9927-41F901EF9471}.Release|x86.ActiveCfg = Release|Any CPU
		{78EB2B18-7660-4150-9927-41F901EF9471}.Release|x86.Build.0 = Release|Any CPU
		{33E9F012-FD35-46BF-8458-A01538F7464D}.Debug|Any CPU.ActiveCfg = Debug|Any CPU
		{33E9F012-FD35-46BF-8458-A01538F7464D}.Debug|Any CPU.Build.0 = Debug|Any CPU
		{33E9F012-FD35-46BF-8458-A01538F7464D}.Debug|x64.ActiveCfg = Debug|Any CPU
		{33E9F012-FD35-46BF-8458-A01538F7464D}.Debug|x64.Build.0 = Debug|Any CPU
		{33E9F012-FD35-46BF-8458-A01538F7464D}.Debug|x86.ActiveCfg = Debug|Any CPU
		{33E9F012-FD35-46BF-8458-A01538F7464D}.Debug|x86.Build.0 = Debug|Any CPU
		{33E9F012-FD35-46BF-8458-A01538F7464D}.Release|Any CPU.ActiveCfg = Release|Any CPU
		{33E9F012-FD35-46BF-8458-A01538F7464D}.Release|Any CPU.Build.0 = Release|Any CPU
		{33E9F012-FD35-46BF-8458-A01538F7464D}.Release|x64.ActiveCfg = Release|Any CPU
		{33E9F012-FD35-46BF-8458-A01538F7464D}.Release|x64.Build.0 = Release|Any CPU
		{33E9F012-FD35-46BF-8458-A01538F7464D}.Release|x86.ActiveCfg = Release|Any CPU
		{33E9F012-FD35-46BF-8458-A01538F7464D}.Release|x86.Build.0 = Release|Any CPU
		{8BBBE137-18DA-4EA7-A1C5-C0D235CA03E4}.Debug|Any CPU.ActiveCfg = Debug|Any CPU
		{8BBBE137-18DA-4EA7-A1C5-C0D235CA03E4}.Debug|Any CPU.Build.0 = Debug|Any CPU
		{8BBBE137-18DA-4EA7-A1C5-C0D235CA03E4}.Debug|x64.ActiveCfg = Debug|Any CPU
		{8BBBE137-18DA-4EA7-A1C5-C0D235CA03E4}.Debug|x64.Build.0 = Debug|Any CPU
		{8BBBE137-18DA-4EA7-A1C5-C0D235CA03E4}.Debug|x86.ActiveCfg = Debug|Any CPU
		{8BBBE137-18DA-4EA7-A1C5-C0D235CA03E4}.Debug|x86.Build.0 = Debug|Any CPU
		{8BBBE137-18DA-4EA7-A1C5-C0D235CA03E4}.Release|Any CPU.ActiveCfg = Release|Any CPU
		{8BBBE137-18DA-4EA7-A1C5-C0D235CA03E4}.Release|Any CPU.Build.0 = Release|Any CPU
		{8BBBE137-18DA-4EA7-A1C5-C0D235CA03E4}.Release|x64.ActiveCfg = Release|Any CPU
		{8BBBE137-18DA-4EA7-A1C5-C0D235CA03E4}.Release|x64.Build.0 = Release|Any CPU
		{8BBBE137-18DA-4EA7-A1C5-C0D235CA03E4}.Release|x86.ActiveCfg = Release|Any CPU
		{8BBBE137-18DA-4EA7-A1C5-C0D235CA03E4}.Release|x86.Build.0 = Release|Any CPU
		{AF63A6DE-DCBF-4CDD-9A0B-F84CFE959DEE}.Debug|Any CPU.ActiveCfg = Debug|Any CPU
		{AF63A6DE-DCBF-4CDD-9A0B-F84CFE959DEE}.Debug|Any CPU.Build.0 = Debug|Any CPU
		{AF63A6DE-DCBF-4CDD-9A0B-F84CFE959DEE}.Debug|x64.ActiveCfg = Debug|Any CPU
		{AF63A6DE-DCBF-4CDD-9A0B-F84CFE959DEE}.Debug|x64.Build.0 = Debug|Any CPU
		{AF63A6DE-DCBF-4CDD-9A0B-F84CFE959DEE}.Debug|x86.ActiveCfg = Debug|Any CPU
		{AF63A6DE-DCBF-4CDD-9A0B-F84CFE959DEE}.Debug|x86.Build.0 = Debug|Any CPU
		{AF63A6DE-DCBF-4CDD-9A0B-F84CFE959DEE}.Release|Any CPU.ActiveCfg = Release|Any CPU
		{AF63A6DE-DCBF-4CDD-9A0B-F84CFE959DEE}.Release|Any CPU.Build.0 = Release|Any CPU
		{AF63A6DE-DCBF-4CDD-9A0B-F84CFE959DEE}.Release|x64.ActiveCfg = Release|Any CPU
		{AF63A6DE-DCBF-4CDD-9A0B-F84CFE959DEE}.Release|x64.Build.0 = Release|Any CPU
		{AF63A6DE-DCBF-4CDD-9A0B-F84CFE959DEE}.Release|x86.ActiveCfg = Release|Any CPU
		{AF63A6DE-DCBF-4CDD-9A0B-F84CFE959DEE}.Release|x86.Build.0 = Release|Any CPU
	EndGlobalSection
EndGlobal
